<?xml version="1.0" encoding="utf-8"?>
<Project ToolsVersion="4.0" xmlns="http://schemas.microsoft.com/developer/msbuild/2003">
  <ItemGroup>
    <ClCompile Include="GameTest.cpp" />
    <ClCompile Include="stdafx.cpp" />
    <ClCompile Include="App\app.cpp">
      <Filter>API</Filter>
    </ClCompile>
    <ClCompile Include="App\main.cpp">
      <Filter>API</Filter>
    </ClCompile>
    <ClCompile Include="App\SimpleController.cpp">
      <Filter>API</Filter>
    </ClCompile>
    <ClCompile Include="App\SimpleSound.cpp">
      <Filter>API</Filter>
    </ClCompile>
    <ClCompile Include="App\SimpleSprite.cpp">
      <Filter>API</Filter>
    </ClCompile>
    <ClCompile Include="stb_image\stb_image.cpp">
      <Filter>stb_image</Filter>
    </ClCompile>
    <ClCompile Include="src\engine\math\Vec2.cpp" />
    <ClCompile Include="src\engine\math\Vec3.cpp" />
    <ClCompile Include="src\engine\math\Mat3.cpp" />
    <ClCompile Include="src\engine\math\Mat4.cpp" />
    <ClCompile Include="src\engine\render\Triangle.cpp" />
    <ClCompile Include="src\engine\render\Mesh.cpp" />
    <ClCompile Include="src\engine\render\Render.cpp" />
    <ClCompile Include="src\engine\ECS\Entities.cpp" />
    <ClCompile Include="src\ECSdefs\Shield.cpp" />
    <ClCompile Include="src\engine\Log.cpp" />
    <ClCompile Include="src\Game.cpp" />
    <ClCompile Include="src\engine\render\LoadMesh.cpp" />
    <ClCompile Include="src\ECSdefs\Sprite.cpp" />
    <ClCompile Include="src\ECSdefs\City.cpp" />
    <ClCompile Include="src\ECSdefs\Base.cpp" />
    <ClCompile Include="src\ECSdefs\Target.cpp" />
    <ClCompile Include="src\ECSdefs\Missle.cpp" />
  </ItemGroup>
  <ItemGroup>
    <ClInclude Include="stdafx.h" />
    <ClInclude Include="App\app.h">
      <Filter>API</Filter>
    </ClInclude>
    <ClInclude Include="App\AppSettings.h">
      <Filter>API</Filter>
    </ClInclude>
    <ClInclude Include="App\main.h">
      <Filter>API</Filter>
    </ClInclude>
    <ClInclude Include="App\SimpleController.h">
      <Filter>API</Filter>
    </ClInclude>
    <ClInclude Include="App\SimpleSound.h">
      <Filter>API</Filter>
    </ClInclude>
    <ClInclude Include="App\SimpleSprite.h">
      <Filter>API</Filter>
    </ClInclude>
    <ClInclude Include="targetver.h">
      <Filter>API</Filter>
    </ClInclude>
    <ClInclude Include="stb_image\stb_image.h">
      <Filter>stb_image</Filter>
    </ClInclude>
    <ClInclude Include="src\engine\math\Vec2.h" />
    <ClInclude Include="src\engine\math\Vec3.h" />
    <ClInclude Include="src\engine\math\Mat3.h" />
    <ClInclude Include="src\engine\math\Mat4.h" />
    <ClInclude Include="src\engine\render\Triangle.h" />
    <ClInclude Include="src\engine\render\Mesh.h" />
    <ClInclude Include="src\engine\render\Render.h" />
    <ClInclude Include="src\engine\pools\Pool.h" />
    <ClInclude Include="src\engine\ECS\Entities.h" />
    <ClInclude Include="src\engine\ECS\Component.h" />
    <ClInclude Include="src\ECSdefs\Shield.h" />
    <ClInclude Include="src\engine\ECS\System.h" />
    <ClInclude Include="src\engine\Log.h" />
    <ClInclude Include="src\engine\ECS\Manager.h" />
    <ClInclude Include="src\Game.h" />
    <ClInclude Include="src\engine\render\LoadMesh.h" />
    <ClInclude Include="src\ECSdefs\Sprite.h" />
    <ClInclude Include="src\ECSdefs\City.h" />
    <ClInclude Include="src\Scenes.h" />
    <ClInclude Include="src\ECSdefs\Base.h" />
    <ClInclude Include="src\ECSdefs\Target.h" />
    <ClInclude Include="src\ECSdefs\Missle.h" />
  </ItemGroup>
  <ItemGroup>
    <Filter Include="stb_image">
      <UniqueIdentifier>{61cfc19b-c57e-4021-b530-bac172fcba86}</UniqueIdentifier>
    </Filter>
    <Filter Include="API">
      <UniqueIdentifier>{f318918d-bb9f-4402-ae1c-4f72186d16f6}</UniqueIdentifier>
    </Filter>
  </ItemGroup>
  <ItemGroup>
    <Text Include="ReadMe.txt">
      <Filter>API</Filter>
    </Text>
  </ItemGroup>
</Project>